{
  "name": "xterm-dcs-probe",
  "version": "0.0.0",
  "lockfileVersion": 3,
  "requires": true,
  "packages": {
    "": {
      "name": "xterm-dcs-probe",
      "version": "0.0.0",
      "dependencies": {
        "@xterm/xterm": "^6.0.0"
      }
    },
    "node_modules/@xterm/xterm": {
      "version": "6.0.0",
      "resolved": "http://192.168.170.116:8081/repository/npm-proxy/@xterm/xterm/-/xterm-6.0.0.tgz",
      "integrity": "sha512-TQwDdQGtwwDt+2cgKDLn0IRaSxYu1tSUjgKarSDkUM0ZNiSRXFpjxEsvc/Zgc5kq5omJ+V0a8/kIM2WD3sMOYg==",
      "workspaces": [
        "addons/*"
      ]
    }
  }
}
